github.com/google/uuid v1.1.1 h1:Gkbcsh/GbpXz7lPftLA3P6TYMwjCLYm83jiFQZF/3gY=
github.com/google/uuid v1.1.1/go.mod h1:TIyPZe4MgqvfeYDBFedMoGGpEw/LqOeaOT+nhxU+yHo=
github.com/gorilla/websocket v1.4.2 h1:+/TMaTYc4QFitKJxsQ7Yye35DkWvkdLcvGKqM+x0Ufc=
github.com/gorilla/websocket v1.4.2/go.mod h1:YR8l580nyteQvAITg2hZ9XVh4b55+EU/adAjf1fMHhE=
github.com/lithammer/shortuuid/v3 v3.0.4 h1:uj4xhotfY92Y1Oa6n6HUiFn87CdoEHYUlTy0+IgbLrs=
github.com/lithammer/shortuuid/v3 v3.0.4/go.mod h1:RviRjexKqIzx/7r1peoAITm6m7gnif/h+0zmolKJjzw=
github.com/mikeflynn/the-fearsome-five/shared v0.0.0-20200821170344-c00b4ef1a66b h1:Rt1CSdNAtItmwI7ml0P63RqYaowpT/KdDanDuAnUJsM=
github.com/mikeflynn/the-fearsome-five/shared v0.0.0-20200821170344-c00b4ef1a66b/go.mod h1:9upkqseiCEc8PZ5Oi5IYOfy+yZW+gtXLEjFLYZNPt34=
github.com/mikeflynn/the-fearsome-five/shared v0.0.0-20200822002701-0b643d28aa3d h1:LbOKCdCXxvUsEE44hWi7/26QxoE3MRuBHe9cCPhirJw=
github.com/mikeflynn/the-fearsome-five/shared v0.0.0-20200822002701-0b643d28aa3d/go.mod h1:9upkqseiCEc8PZ5Oi5IYOfy+yZW+gtXLEjFLYZNPt34=
github.com/mikeflynn/the-fearsome-five/shared v0.0.0-20200822004528-3ed2f98d7f16 h1:v2hTH5RWfFCJb93VZMtTP/a1E/KI1gNBu2DNRObPjo4=
github.com/mikeflynn/the-fearsome-five/shared v0.0.0-20200822004528-3ed2f98d7f16/go.mod h1:9upkqseiCEc8PZ5Oi5IYOfy+yZW+gtXLEjFLYZNPt34=
github.com/mikeflynn/the-fearsome-five/shared v0.0.0-20200822005527-18f699c0da68 h1:mSdOiOlbIOCHVxqSlIP1hW9QfI38MKzUGn66uPOOErs=
github.com/mikeflynn/the-fearsome-five/shared v0.0.0-20200822005527-18f699c0da68/go.mod h1:9upkqseiCEc8PZ5Oi5IYOfy+yZW+gtXLEjFLYZNPt34=
github.com/mikeflynn/the-fearsome-five/shared v0.0.0-20200822200918-8487a4da5fc7 h1:qWG66xrB1aBwN2nGeUCcCTYdJRfKx8Jf0a6mRgoD5FU=
github.com/mikeflynn/the-fearsome-five/shared v0.0.0-20200822200918-8487a4da5fc7/go.mod h1:9upkqseiCEc8PZ5Oi5IYOfy+yZW+gtXLEjFLYZNPt34=
github.com/mikeflynn/the-fearsome-five/shared v0.0.0-20200822210410-ecce05b9775c h1:gvrIoBQjtG9BmvqqoTyOsFxrWfMfsfJ7qkKdbipePrE=
github.com/mikeflynn/the-fearsome-five/shared v0.0.0-20200822210410-ecce05b9775c/go.mod h1:9upkqseiCEc8PZ5Oi5IYOfy+yZW+gtXLEjFLYZNPt34=
